
Microsoft Visual Studio Solution File, Format Version 12.00
# Visual Studio 15
VisualStudioVersion = 15.0.28010.2016
MinimumVisualStudioVersion = 10.0.40219.1
Project("{FAE04EC0-301F-11D3-BF4B-00C04F79EFBC}") = "HelloWorld", "HelloWorld\HelloWorld.csproj", "{ACA85F74-05FC-41BD-B57B-0BE420A1615B}"
EndProject
Global
	GlobalSection(SolutionConfigurationPlatforms) = preSolution
		Debug|Any CPU = Debug|Any CPU
		Release|Any CPU = Release|Any CPU
	EndGlobalSection
	GlobalSection(ProjectConfigurationPlatforms) = postSolution
		{ACA85F74-05FC-41BD-B57B-0BE420A1615B}.Debug|Any CPU.ActiveCfg = Debug|Any CPU
		{ACA85F74-05FC-41BD-B57B-0BE420A1615B}.Debug|Any CPU.Build.0 = Debug|Any CPU
		{ACA85F74-05FC-41BD-B57B-0BE420A1615B}.Release|Any CPU.ActiveCfg = Release|Any CPU
		{ACA85F74-05FC-41BD-B57B-0BE420A1615B}.Release|Any CPU.Build.0 = Release|Any CPU
	EndGlobalSection
	GlobalSection(SolutionProperties) = preSolution
		HideSolutionNode = FALSE
	EndGlobalSection
	GlobalSection(ExtensibilityGlobals) = postSolution
		SolutionGuid = {76C50A57-3988-4CFF-8C73-B2EB04941083}
	EndGlobalSection
EndGlobal
